// !$*UTF8*$!
{
	archiveVersion = 1;
	classes = {
	};
	objectVersion = 48;
	objects = {

/* Begin PBXBuildFile section */
		2D2D179791852B2F9A6B3109 /* Pods_Todoey.framework in Frameworks */ = {isa = PBXBuildFile; fileRef = D930D494A0B67BF7652DB8F6 /* Pods_Todoey.framework */; };
		D37FF0ED20742C2300C77E0D /* CategoryViewController.swift in Sources */ = {isa = PBXBuildFile; fileRef = D37FF0EC20742C2200C77E0D /* CategoryViewController.swift */; };
		D3B26A0C203F571A004CD4EC /* AppDelegate.swift in Sources */ = {isa = PBXBuildFile; fileRef = D3B26A0B203F571A004CD4EC /* AppDelegate.swift */; };
		D3B26A0E203F571A004CD4EC /* TodoListViewController.swift in Sources */ = {isa = PBXBuildFile; fileRef = D3B26A0D203F571A004CD4EC /* TodoListViewController.swift */; };
		D3B26A11203F571A004CD4EC /* Main.storyboard in Resources */ = {isa = PBXBuildFile; fileRef = D3B26A0F203F571A004CD4EC /* Main.storyboard */; };
		D3B26A13203F571A004CD4EC /* Assets.xcassets in Resources */ = {isa = PBXBuildFile; fileRef = D3B26A12203F571A004CD4EC /* Assets.xcassets */; };
		D3B26A16203F571A004CD4EC /* LaunchScreen.storyboard in Resources */ = {isa = PBXBuildFile; fileRef = D3B26A14203F571A004CD4EC /* LaunchScreen.storyboard */; };
		D3E76849206EA88E0052F832 /* DataModel.xcdatamodeld in Sources */ = {isa = PBXBuildFile; fileRef = D3E76847206EA88E0052F832 /* DataModel.xcdatamodeld */; };
/* End PBXBuildFile section */

/* Begin PBXFileReference section */
		10610F80EBA3381ADB0E691F /* Pods-Todoey.debug.xcconfig */ = {isa = PBXFileReference; includeInIndex = 1; lastKnownFileType = text.xcconfig; name = "Pods-Todoey.debug.xcconfig"; path = "Pods/Target Support Files/Pods-Todoey/Pods-Todoey.debug.xcconfig"; sourceTree = "<group>"; };
		AC6E6E8464CBA023D18352AA /* Pods-Todoey.release.xcconfig */ = {isa = PBXFileReference; includeInIndex = 1; lastKnownFileType = text.xcconfig; name = "Pods-Todoey.release.xcconfig"; path = "Pods/Target Support Files/Pods-Todoey/Pods-Todoey.release.xcconfig"; sourceTree = "<group>"; };
		D37FF0EC20742C2200C77E0D /* CategoryViewController.swift */ = {isa = PBXFileReference; lastKnownFileType = sourcecode.swift; path = CategoryViewController.swift; sourceTree = "<group>"; };
		D3B26A08203F571A004CD4EC /* Todoey.app */ = {isa = PBXFileReference; explicitFileType = wrapper.application; includeInIndex = 0; path = Todoey.app; sourceTree = BUILT_PRODUCTS_DIR; };
		D3B26A0B203F571A004CD4EC /* AppDelegate.swift */ = {isa = PBXFileReference; lastKnownFileType = sourcecode.swift; path = AppDelegate.swift; sourceTree = "<group>"; };
		D3B26A0D203F571A004CD4EC /* TodoListViewController.swift */ = {isa = PBXFileReference; lastKnownFileType = sourcecode.swift; path = TodoListViewController.swift; sourceTree = "<group>"; };
		D3B26A10203F571A004CD4EC /* Base */ = {isa = PBXFileReference; lastKnownFileType = file.storyboard; name = Base; path = Base.lproj/Main.storyboard; sourceTree = "<group>"; };
		D3B26A12203F571A004CD4EC /* Assets.xcassets */ = {isa = PBXFileReference; lastKnownFileType = folder.assetcatalog; path = Assets.xcassets; sourceTree = "<group>"; };
		D3B26A15203F571A004CD4EC /* Base */ = {isa = PBXFileReference; lastKnownFileType = file.storyboard; name = Base; path = Base.lproj/LaunchScreen.storyboard; sourceTree = "<group>"; };
		D3B26A17203F571A004CD4EC /* Info.plist */ = {isa = PBXFileReference; lastKnownFileType = text.plist.xml; path = Info.plist; sourceTree = "<group>"; };
		D3E76848206EA88E0052F832 /* DataModel.xcdatamodel */ = {isa = PBXFileReference; lastKnownFileType = wrapper.xcdatamodel; path = DataModel.xcdatamodel; sourceTree = "<group>"; };
		D930D494A0B67BF7652DB8F6 /* Pods_Todoey.framework */ = {isa = PBXFileReference; explicitFileType = wrapper.framework; includeInIndex = 0; path = Pods_Todoey.framework; sourceTree = BUILT_PRODUCTS_DIR; };
/* End PBXFileReference section */

/* Begin PBXFrameworksBuildPhase section */
		D3B26A05203F571A004CD4EC /* Frameworks */ = {
			isa = PBXFrameworksBuildPhase;
			buildActionMask = 2147483647;
			files = (
				2D2D179791852B2F9A6B3109 /* Pods_Todoey.framework in Frameworks */,
			);
			runOnlyForDeploymentPostprocessing = 0;
		};
/* End PBXFrameworksBuildPhase section */

/* Begin PBXGroup section */
		24BB885501CF36577642CA9D /* Pods */ = {
			isa = PBXGroup;
			children = (
				10610F80EBA3381ADB0E691F /* Pods-Todoey.debug.xcconfig */,
				AC6E6E8464CBA023D18352AA /* Pods-Todoey.release.xcconfig */,
			);
			name = Pods;
			sourceTree = "<group>";
		};
		6902865BE2AEE962FD05F92A /* Frameworks */ = {
			isa = PBXGroup;
			children = (
				D930D494A0B67BF7652DB8F6 /* Pods_Todoey.framework */,
			);
			name = Frameworks;
			sourceTree = "<group>";
		};
		D3B269FF203F571A004CD4EC = {
			isa = PBXGroup;
			children = (
				D3B26A0A203F571A004CD4EC /* Todoey */,
				D3B26A09203F571A004CD4EC /* Products */,
				24BB885501CF36577642CA9D /* Pods */,
				6902865BE2AEE962FD05F92A /* Frameworks */,
			);
			sourceTree = "<group>";
		};
		D3B26A09203F571A004CD4EC /* Products */ = {
			isa = PBXGroup;
			children = (
				D3B26A08203F571A004CD4EC /* Todoey.app */,
			);
			name = Products;
			sourceTree = "<group>";
		};
		D3B26A0A203F571A004CD4EC /* Todoey */ = {
			isa = PBXGroup;
			children = (
				D3B26A0B203F571A004CD4EC /* AppDelegate.swift */,
				D3E76844206D813F0052F832 /* Controllers */,
				D3E76843206D81260052F832 /* Model */,
				D3E76845206D81490052F832 /* View */,
				D3E76846206D81610052F832 /* Supporting Files */,
				D3B26A17203F571A004CD4EC /* Info.plist */,
			);
			path = Todoey;
			sourceTree = "<group>";
		};
		D3E76843206D81260052F832 /* Model */ = {
			isa = PBXGroup;
			children = (
				D3E76847206EA88E0052F832 /* DataModel.xcdatamodeld */,
			);
			path = Model;
			sourceTree = "<group>";
		};
		D3E76844206D813F0052F832 /* Controllers */ = {
			isa = PBXGroup;
			children = (
				D37FF0EC20742C2200C77E0D /* CategoryViewController.swift */,
				D3B26A0D203F571A004CD4EC /* TodoListViewController.swift */,
			);
			path = Controllers;
			sourceTree = "<group>";
		};
		D3E76845206D81490052F832 /* View */ = {
			isa = PBXGroup;
			children = (
				D3B26A0F203F571A004CD4EC /* Main.storyboard */,
			);
			path = View;
			sourceTree = "<group>";
		};
		D3E76846206D81610052F832 /* Supporting Files */ = {
			isa = PBXGroup;
			children = (
				D3B26A12203F571A004CD4EC /* Assets.xcassets */,
				D3B26A14203F571A004CD4EC /* LaunchScreen.storyboard */,
			);
			path = "Supporting Files";
			sourceTree = "<group>";
		};
/* End PBXGroup section */

/* Begin PBXNativeTarget section */
		D3B26A07203F571A004CD4EC /* Todoey */ = {
			isa = PBXNativeTarget;
			buildConfigurationList = D3B26A1A203F571A004CD4EC /* Build configuration list for PBXNativeTarget "Todoey" */;
			buildPhases = (
				61CD2F040D409A742F15222C /* [CP] Check Pods Manifest.lock */,
				D3B26A04203F571A004CD4EC /* Sources */,
				D3B26A05203F571A004CD4EC /* Frameworks */,
				D3B26A06203F571A004CD4EC /* Resources */,
				B3B81125B00106625716F45A /* [CP] Embed Pods Frameworks */,
				185379B301834569A6D098F9 /* [CP] Copy Pods Resources */,
			);
			buildRules = (
			);
			dependencies = (
			);
			name = Todoey;
			productName = Todoey;
			productReference = D3B26A08203F571A004CD4EC /* Todoey.app */;
			productType = "com.apple.product-type.application";
		};
/* End PBXNativeTarget section */

/* Begin PBXProject section */
		D3B26A00203F571A004CD4EC /* Project object */ = {
			isa = PBXProject;
			attributes = {
				LastSwiftUpdateCheck = 0920;
				LastUpgradeCheck = 0930;
				ORGANIZATIONNAME = "Marcin Szabłowski";
				TargetAttributes = {
					D3B26A07203F571A004CD4EC = {
						CreatedOnToolsVersion = 9.2;
						ProvisioningStyle = Automatic;
					};
				};
			};
			buildConfigurationList = D3B26A03203F571A004CD4EC /* Build configuration list for PBXProject "Todoey" */;
			compatibilityVersion = "Xcode 8.0";
			developmentRegion = en;
			hasScannedForEncodings = 0;
			knownRegions = (
				en,
				Base,
			);
			mainGroup = D3B269FF203F571A004CD4EC;
			productRefGroup = D3B26A09203F571A004CD4EC /* Products */;
			projectDirPath = "";
			projectRoot = "";
			targets = (
				D3B26A07203F571A004CD4EC /* Todoey */,
			);
		};
/* End PBXProject section */

/* Begin PBXResourcesBuildPhase section */
		D3B26A06203F571A004CD4EC /* Resources */ = {
			isa = PBXResourcesBuildPhase;
			buildActionMask = 2147483647;
			files = (
				D3B26A16203F571A004CD4EC /* LaunchScreen.storyboard in Resources */,
				D3B26A13203F571A004CD4EC /* Assets.xcassets in Resources */,
				D3B26A11203F571A004CD4EC /* Main.storyboard in Resources */,
			);
			runOnlyForDeploymentPostprocessing = 0;
		};
/* End PBXResourcesBuildPhase section */

/* Begin PBXShellScriptBuildPhase section */
		185379B301834569A6D098F9 /* [CP] Copy Pods Resources */ = {
			isa = PBXShellScriptBuildPhase;
			buildActionMask = 2147483647;
			files = (
			);
			inputPaths = (
			);
			name = "[CP] Copy Pods Resources";
			outputPaths = (
			);
			runOnlyForDeploymentPostprocessing = 0;
			shellPath = /bin/sh;
			shellScript = "\"${SRCROOT}/Pods/Target Support Files/Pods-Todoey/Pods-Todoey-resources.sh\"\n";
			showEnvVarsInLog = 0;
		};
		61CD2F040D409A742F15222C /* [CP] Check Pods Manifest.lock */ = {
			isa = PBXShellScriptBuildPhase;
			buildActionMask = 2147483647;
			files = (
			);
			inputPaths = (
				"${PODS_PODFILE_DIR_PATH}/Podfile.lock",
				"${PODS_ROOT}/Manifest.lock",
			);
			name = "[CP] Check Pods Manifest.lock";
			outputPaths = (
				"$(DERIVED_FILE_DIR)/Pods-Todoey-checkManifestLockResult.txt",
			);
			runOnlyForDeploymentPostprocessing = 0;
			shellPath = /bin/sh;
			shellScript = "diff \"${PODS_PODFILE_DIR_PATH}/Podfile.lock\" \"${PODS_ROOT}/Manifest.lock\" > /dev/null\nif [ $? != 0 ] ; then\n    # print error to STDERR\n    echo \"error: The sandbox is not in sync with the Podfile.lock. Run 'pod install' or update your CocoaPods installation.\" >&2\n    exit 1\nfi\n# This output is used by Xcode 'outputs' to avoid re-running this script phase.\necho \"SUCCESS\" > \"${SCRIPT_OUTPUT_FILE_0}\"\n";
			showEnvVarsInLog = 0;
		};
		B3B81125B00106625716F45A /* [CP] Embed Pods Frameworks */ = {
			isa = PBXShellScriptBuildPhase;
			buildActionMask = 2147483647;
			files = (
			);
			inputPaths = (
				"${SRCROOT}/Pods/Target Support Files/Pods-Todoey/Pods-Todoey-frameworks.sh",
				"${BUILT_PRODUCTS_DIR}/Realm/Realm.framework",
				"${BUILT_PRODUCTS_DIR}/RealmSwift/RealmSwift.framework",
			);
			name = "[CP] Embed Pods Frameworks";
			outputPaths = (
				"${TARGET_BUILD_DIR}/${FRAMEWORKS_FOLDER_PATH}/Realm.framework",
				"${TARGET_BUILD_DIR}/${FRAMEWORKS_FOLDER_PATH}/RealmSwift.framework",
			);
			runOnlyForDeploymentPostprocessing = 0;
			shellPath = /bin/sh;
			shellScript = "\"${SRCROOT}/Pods/Target Support Files/Pods-Todoey/Pods-Todoey-frameworks.sh\"\n";
			showEnvVarsInLog = 0;
		};
/* End PBXShellScriptBuildPhase section */

/* Begin PBXSourcesBuildPhase section */
		D3B26A04203F571A004CD4EC /* Sources */ = {
			isa = PBXSourcesBuildPhase;
			buildActionMask = 2147483647;
			files = (
				D37FF0ED20742C2300C77E0D /* CategoryViewController.swift in Sources */,
				D3B26A0E203F571A004CD4EC /* TodoListViewController.swift in Sources */,
				D3E76849206EA88E0052F832 /* DataModel.xcdatamodeld in Sources */,
				D3B26A0C203F571A004CD4EC /* AppDelegate.swift in Sources */,
			);
			runOnlyForDeploymentPostprocessing = 0;
		};
/* End PBXSourcesBuildPhase section */

/* Begin PBXVariantGroup section */
		D3B26A0F203F571A004CD4EC /* Main.storyboard */ = {
			isa = PBXVariantGroup;
			children = (
				D3B26A10203F571A004CD4EC /* Base */,
			);
			name = Main.storyboard;
			sourceTree = "<group>";
		};
		D3B26A14203F571A004CD4EC /* LaunchScreen.storyboard */ = {
			isa = PBXVariantGroup;
			children = (
				D3B26A15203F571A004CD4EC /* Base */,
			);
			name = LaunchScreen.storyboard;
			sourceTree = "<group>";
		};
/* End PBXVariantGroup section */

/* Begin XCBuildConfiguration section */
		D3B26A18203F571A004CD4EC /* Debug */ = {
			isa = XCBuildConfiguration;
			buildSettings = {
				ALWAYS_SEARCH_USER_PATHS = NO;
				CLANG_ANALYZER_NONNULL = YES;
				CLANG_ANALYZER_NUMBER_OBJECT_CONVERSION = YES_AGGRESSIVE;
				CLANG_CXX_LANGUAGE_STANDARD = "gnu++14";
				CLANG_CXX_LIBRARY = "libc++";
				CLANG_ENABLE_MODULES = YES;
				CLANG_ENABLE_OBJC_ARC = YES;
				CLANG_WARN_BLOCK_CAPTURE_AUTORELEASING = YES;
				CLANG_WARN_BOOL_CONVERSION = YES;
				CLANG_WARN_COMMA = YES;
				CLANG_WARN_CONSTANT_CONVERSION = YES;
				CLANG_WARN_DEPRECATED_OBJC_IMPLEMENTATIONS = YES;
				CLANG_WARN_DIRECT_OBJC_ISA_USAGE = YES_ERROR;
				CLANG_WARN_DOCUMENTATION_COMMENTS = YES;
				CLANG_WARN_EMPTY_BODY = YES;
				CLANG_WARN_ENUM_CONVERSION = YES;
				CLANG_WARN_INFINITE_RECURSION = YES;
				CLANG_WARN_INT_CONVERSION = YES;
				CLANG_WARN_NON_LITERAL_NULL_CONVERSION = YES;
				CLANG_WARN_OBJC_IMPLICIT_RETAIN_SELF = YES;
				CLANG_WARN_OBJC_LITERAL_CONVERSION = YES;
				CLANG_WARN_OBJC_ROOT_CLASS = YES_ERROR;
				CLANG_WARN_RANGE_LOOP_ANALYSIS = YES;
				CLANG_WARN_STRICT_PROTOTYPES = YES;
				CLANG_WARN_SUSPICIOUS_MOVE = YES;
				CLANG_WARN_UNGUARDED_AVAILABILITY = YES_AGGRESSIVE;
				CLANG_WARN_UNREACHABLE_CODE = YES;
				CLANG_WARN__DUPLICATE_METHOD_MATCH = YES;
				CODE_SIGN_IDENTITY = "iPhone Developer";
				COPY_PHASE_STRIP = NO;
				DEBUG_INFORMATION_FORMAT = dwarf;
				ENABLE_STRICT_OBJC_MSGSEND = YES;
				ENABLE_TESTABILITY = YES;
				GCC_C_LANGUAGE_STANDARD = gnu11;
				GCC_DYNAMIC_NO_PIC = NO;
				GCC_NO_COMMON_BLOCKS = YES;
				GCC_OPTIMIZATION_LEVEL = 0;
				GCC_PREPROCESSOR_DEFINITIONS = (
					"DEBUG=1",
					"$(inherited)",
				);
				GCC_WARN_64_TO_32_BIT_CONVERSION = YES;
				GCC_WARN_ABOUT_RETURN_TYPE = YES_ERROR;
				GCC_WARN_UNDECLARED_SELECTOR = YES;
				GCC_WARN_UNINITIALIZED_AUTOS = YES_AGGRESSIVE;
				GCC_WARN_UNUSED_FUNCTION = YES;
				GCC_WARN_UNUSED_VARIABLE = YES;
				IPHONEOS_DEPLOYMENT_TARGET = 11.2;
				MTL_ENABLE_DEBUG_INFO = YES;
				ONLY_ACTIVE_ARCH = YES;
				SDKROOT = iphoneos;
				SWIFT_ACTIVE_COMPILATION_CONDITIONS = DEBUG;
				SWIFT_OPTIMIZATION_LEVEL = "-Onone";
			};
			name = Debug;
		};
		D3B26A19203F571A004CD4EC /* Release */ = {
			isa = XCBuildConfiguration;
			buildSettings = {
				ALWAYS_SEARCH_USER_PATHS = NO;
				CLANG_ANALYZER_NONNULL = YES;
				CLANG_ANALYZER_NUMBER_OBJECT_CONVERSION = YES_AGGRESSIVE;
				CLANG_CXX_LANGUAGE_STANDARD = "gnu++14";
				CLANG_CXX_LIBRARY = "libc++";
				CLANG_ENABLE_MODULES = YES;
				CLANG_ENABLE_OBJC_ARC = YES;
				CLANG_WARN_BLOCK_CAPTURE_AUTORELEASING = YES;
				CLANG_WARN_BOOL_CONVERSION = YES;
				CLANG_WARN_COMMA = YES;
				CLANG_WARN_CONSTANT_CONVERSION = YES;
				CLANG_WARN_DEPRECATED_OBJC_IMPLEMENTATIONS = YES;
				CLANG_WARN_DIRECT_OBJC_ISA_USAGE = YES_ERROR;
				CLANG_WARN_DOCUMENTATION_COMMENTS = YES;
				CLANG_WARN_EMPTY_BODY = YES;
				CLANG_WARN_ENUM_CONVERSION = YES;
				CLANG_WARN_INFINITE_RECURSION = YES;
				CLANG_WARN_INT_CONVERSION = YES;
				CLANG_WARN_NON_LITERAL_NULL_CONVERSION = YES;
				CLANG_WARN_OBJC_IMPLICIT_RETAIN_SELF = YES;
				CLANG_WARN_OBJC_LITERAL_CONVERSION = YES;
				CLANG_WARN_OBJC_ROOT_CLASS = YES_ERROR;
				CLANG_WARN_RANGE_LOOP_ANALYSIS = YES;
				CLANG_WARN_STRICT_PROTOTYPES = YES;
				CLANG_WARN_SUSPICIOUS_MOVE = YES;
				CLANG_WARN_UNGUARDED_AVAILABILITY = YES_AGGRESSIVE;
				CLANG_WARN_UNREACHABLE_CODE = YES;
				CLANG_WARN__DUPLICATE_METHOD_MATCH = YES;
				CODE_SIGN_IDENTITY = "iPhone Developer";
				COPY_PHASE_STRIP = NO;
				DEBUG_INFORMATION_FORMAT = "dwarf-with-dsym";
				ENABLE_NS_ASSERTIONS = NO;
				ENABLE_STRICT_OBJC_MSGSEND = YES;
				GCC_C_LANGUAGE_STANDARD = gnu11;
				GCC_NO_COMMON_BLOCKS = YES;
				GCC_WARN_64_TO_32_BIT_CONVERSION = YES;
				GCC_WARN_ABOUT_RETURN_TYPE = YES_ERROR;
				GCC_WARN_UNDECLARED_SELECTOR = YES;
				GCC_WARN_UNINITIALIZED_AUTOS = YES_AGGRESSIVE;
				GCC_WARN_UNUSED_FUNCTION = YES;
				GCC_WARN_UNUSED_VARIABLE = YES;
				IPHONEOS_DEPLOYMENT_TARGET = 11.2;
				MTL_ENABLE_DEBUG_INFO = NO;
				SDKROOT = iphoneos;
				SWIFT_OPTIMIZATION_LEVEL = "-Owholemodule";
				VALIDATE_PRODUCT = YES;
			};
			name = Release;
		};
		D3B26A1B203F571A004CD4EC /* Debug */ = {
			isa = XCBuildConfiguration;
			baseConfigurationReference = 10610F80EBA3381ADB0E691F /* Pods-Todoey.debug.xcconfig */;
			buildSettings = {
				ASSETCATALOG_COMPILER_APPICON_NAME = AppIcon;
				CODE_SIGN_STYLE = Automatic;
				DEVELOPMENT_TEAM = 4RWHN3ZBQ9;
				INFOPLIST_FILE = Todoey/Info.plist;
				LD_RUNPATH_SEARCH_PATHS = "$(inherited) @executable_path/Frameworks";
				PRODUCT_BUNDLE_IDENTIFIER = com.marcinszablowski.Todoey;
				PRODUCT_NAME = "$(TARGET_NAME)";
				SWIFT_VERSION = 4.0;
				TARGETED_DEVICE_FAMILY = "1,2";
			};
			name = Debug;
		};
		D3B26A1C203F571A004CD4EC /* Release */ = {
			isa = XCBuildConfiguration;
			baseConfigurationReference = AC6E6E8464CBA023D18352AA /* Pods-Todoey.release.xcconfig */;
			buildSettings = {
				ASSETCATALOG_COMPILER_APPICON_NAME = AppIcon;
				CODE_SIGN_STYLE = Automatic;
				DEVELOPMENT_TEAM = 4RWHN3ZBQ9;
				INFOPLIST_FILE = Todoey/Info.plist;
				LD_RUNPATH_SEARCH_PATHS = "$(inherited) @executable_path/Frameworks";
				PRODUCT_BUNDLE_IDENTIFIER = com.marcinszablowski.Todoey;
				PRODUCT_NAME = "$(TARGET_NAME)";
				SWIFT_VERSION = 4.0;
				TARGETED_DEVICE_FAMILY = "1,2";
			};
			name = Release;
		};
/* End XCBuildConfiguration section */

/* Begin XCConfigurationList section */
		D3B26A03203F571A004CD4EC /* Build configuration list for PBXProject "Todoey" */ = {
			isa = XCConfigurationList;
			buildConfigurations = (
				D3B26A18203F571A004CD4EC /* Debug */,
				D3B26A19203F571A004CD4EC /* Release */,
			);
			defaultConfigurationIsVisible = 0;
			defaultConfigurationName = Release;
		};
		D3B26A1A203F571A004CD4EC /* Build configuration list for PBXNativeTarget "Todoey" */ = {
			isa = XCConfigurationList;
			buildConfigurations = (
				D3B26A1B203F571A004CD4EC /* Debug */,
				D3B26A1C203F571A004CD4EC /* Release */,
			);
			defaultConfigurationIsVisible = 0;
			defaultConfigurationName = Release;
		};
/* End XCConfigurationList section */

/* Begin XCVersionGroup section */
		D3E76847206EA88E0052F832 /* DataModel.xcdatamodeld */ = {
			isa = XCVersionGroup;
			children = (
				D3E76848206EA88E0052F832 /* DataModel.xcdatamodel */,
			);
			currentVersion = D3E76848206EA88E0052F832 /* DataModel.xcdatamodel */;
			path = DataModel.xcdatamodeld;
			sourceTree = "<group>";
			versionGroupType = wrapper.xcdatamodel;
		};
/* End XCVersionGroup section */
	};
	rootObject = D3B26A00203F571A004CD4EC /* Project object */;
}
